
Microsoft Visual Studio Solution File, Format Version 12.00
# Visual Studio Version 17
VisualStudioVersion = 17.7.34202.233
MinimumVisualStudioVersion = 10.0.40219.1
Project("{FAE04EC0-301F-11D3-BF4B-00C04F79EFBC}") = "Asi.Web", "Asi.Web\Asi.Web.csproj", "{3865B1B4-2CC2-4751-87F7-4C38CC3D0969}"
EndProject
Project("{FAE04EC0-301F-11D3-BF4B-00C04F79EFBC}") = "Asi.Console", "Asi.Console\Asi.Console.csproj", "{A163947C-E170-4719-920D-0E62E60D58B3}"
EndProject
Project("{FAE04EC0-301F-11D3-BF4B-00C04F79EFBC}") = "Asi.Common", "Asi.Common\Asi.Common.csproj", "{3E367967-9AAC-4D0F-9CDD-09A7E87CD7C7}"
EndProject
Global
	GlobalSection(SolutionConfigurationPlatforms) = preSolution
		Debug|Any CPU = Debug|Any CPU
		Release|Any CPU = Release|Any CPU
	EndGlobalSection
	GlobalSection(ProjectConfigurationPlatforms) = postSolution
		{3865B1B4-2CC2-4751-87F7-4C38CC3D0969}.Debug|Any CPU.ActiveCfg = Debug|Any CPU
		{3865B1B4-2CC2-4751-87F7-4C38CC3D0969}.Debug|Any CPU.Build.0 = Debug|Any CPU
		{3865B1B4-2CC2-4751-87F7-4C38CC3D0969}.Release|Any CPU.ActiveCfg = Release|Any CPU
		{3865B1B4-2CC2-4751-87F7-4C38CC3D0969}.Release|Any CPU.Build.0 = Release|Any CPU
		{A163947C-E170-4719-920D-0E62E60D58B3}.Debug|Any CPU.ActiveCfg = Debug|Any CPU
		{A163947C-E170-4719-920D-0E62E60D58B3}.Debug|Any CPU.Build.0 = Debug|Any CPU
		{A163947C-E170-4719-920D-0E62E60D58B3}.Release|Any CPU.ActiveCfg = Release|Any CPU
		{A163947C-E170-4719-920D-0E62E60D58B3}.Release|Any CPU.Build.0 = Release|Any CPU
		{3E367967-9AAC-4D0F-9CDD-09A7E87CD7C7}.Debug|Any CPU.ActiveCfg = Debug|Any CPU
		{3E367967-9AAC-4D0F-9CDD-09A7E87CD7C7}.Debug|Any CPU.Build.0 = Debug|Any CPU
		{3E367967-9AAC-4D0F-9CDD-09A7E87CD7C7}.Release|Any CPU.ActiveCfg = Release|Any CPU
		{3E367967-9AAC-4D0F-9CDD-09A7E87CD7C7}.Release|Any CPU.Build.0 = Release|Any CPU
	EndGlobalSection
	GlobalSection(SolutionProperties) = preSolution
		HideSolutionNode = FALSE
	EndGlobalSection
	GlobalSection(ExtensibilityGlobals) = postSolution
		SolutionGuid = {1EA18D7D-3716-4C8F-A501-9F7E02BEFEED}
	EndGlobalSection
EndGlobal
